# This file is automatically @generated by Cargo.
# It is not intended for manual editing.
version = 4

[[package]]
name = "ast"
version = "0.1.0"
dependencies = [
 "core",
]

[[package]]
name = "core"
version = "0.1.0"

[[package]]
name = "demo"
version = "0.1.0"
dependencies = [
 "derivations",
 "parser",
]

[[package]]
name = "derivations"
version = "0.1.0"
dependencies = [
 "ast",
 "core",
 "kernel",
]

[[package]]
name = "kernel"
version = "0.1.0"
dependencies = [
 "core",
]

[[package]]
name = "parser"
version = "0.1.0"
dependencies = [
 "ast",
 "core",
]
